# @generated - this file is auto-generated by `mise lock` https://mise.jdx.dev/dev-tools/mise-lock.html

lockfile_version = 2

[[tools."cargo:cargo-deny"]]
version = "0.20.2"
backend = "cargo:cargo-deny"
specifiers = ["0.20.2"]

[[tools."cargo:cargo-nextest"]]
version = "0.9.144"
backend = "cargo:cargo-nextest"
specifiers = ["0.9.144"]

[[tools."github:anchore/syft"]]
version = "1.51.1"
backend = "github:anchore/syft"
specifiers = ["1.51.1"]

[tools."github:anchore/syft"."platforms.linux-arm64"]
checksum = "sha256:a7fd2b784e6664acd44719270574f6cd8c6864fc2b1700bf9099bd1cccda7d7f"
url = "https://github.com/anchore/syft/releases/download/v1.51.1/syft_1.51.1_linux_arm64.tar.gz"
url_api = "https://api.github.com/repos/anchore/syft/releases/assets/532610134"
provenance = "github-attestations"

[tools."github:anchore/syft"."platforms.linux-arm64-musl"]
checksum = "sha256:a7fd2b784e6664acd44719270574f6cd8c6864fc2b1700bf9099bd1cccda7d7f"
url = "https://github.com/anchore/syft/releases/download/v1.51.1/syft_1.51.1_linux_arm64.tar.gz"
url_api = "https://api.github.com/repos/anchore/syft/releases/assets/532610134"
provenance = "github-attestations"

[tools."github:anchore/syft"."platforms.linux-x64"]
checksum = "sha256:8fcb33017a0dc1058298c923c436d19dfa68ae93968e0b423248542e3afb9fc3"
url = "https://github.com/anchore/syft/releases/download/v1.51.1/syft_1.51.1_linux_amd64.tar.gz"
url_api = "https://api.github.com/repos/anchore/syft/releases/assets/532610151"
provenance = "github-attestations"

[tools."github:anchore/syft"."platforms.linux-x64-musl"]
checksum = "sha256:8fcb33017a0dc1058298c923c436d19dfa68ae93968e0b423248542e3afb9fc3"
url = "https://github.com/anchore/syft/releases/download/v1.51.1/syft_1.51.1_linux_amd64.tar.gz"
url_api = "https://api.github.com/repos/anchore/syft/releases/assets/532610151"
provenance = "github-attestations"

[tools."github:anchore/syft"."platforms.macos-arm64"]
checksum = "sha256:ac063af3b9874769deb7ea1e6d76841e68f9e3bb50cd654226fc977de65532c1"
url = "https://github.com/anchore/syft/releases/download/v1.51.1/syft_1.51.1_darwin_arm64.tar.gz"
url_api = "https://api.github.com/repos/anchore/syft/releases/assets/532610139"
provenance = "github-attestations"

[tools."github:anchore/syft"."platforms.macos-x64"]
checksum = "sha256:0e186ce1d4351ec276126851ca3ff258ed070e93e73574ed64858d4fc2339867"
url = "https://github.com/anchore/syft/releases/download/v1.51.1/syft_1.51.1_darwin_amd64.tar.gz"
url_api = "https://api.github.com/repos/anchore/syft/releases/assets/532610142"
provenance = "github-attestations"

[tools."github:anchore/syft"."platforms.windows-x64"]
checksum = "sha256:5e4bc3e6b6344b4625de0f7aa5351aaa72856d11d78462972de0a101ee2c1c8f"
url = "https://github.com/anchore/syft/releases/download/v1.51.1/syft_1.51.1_windows_amd64.zip"
url_api = "https://api.github.com/repos/anchore/syft/releases/assets/532610136"
provenance = "github-attestations"

[[tools."github:gitleaks/gitleaks"]]
version = "8.30.1"
backend = "github:gitleaks/gitleaks"
specifiers = ["8.30.1"]

[tools."github:gitleaks/gitleaks"."platforms.linux-arm64"]
checksum = "sha256:e4a487ee7ccd7d3a7f7ec08657610aa3606637dab924210b3aee62570fb4b080"
url = "https://github.com/gitleaks/gitleaks/releases/download/v8.30.1/gitleaks_8.30.1_linux_arm64.tar.gz"
url_api = "https://api.github.com/repos/gitleaks/gitleaks/releases/assets/378332057"

[tools."github:gitleaks/gitleaks"."platforms.linux-arm64-musl"]
checksum = "sha256:e4a487ee7ccd7d3a7f7ec08657610aa3606637dab924210b3aee62570fb4b080"
url = "https://github.com/gitleaks/gitleaks/releases/download/v8.30.1/gitleaks_8.30.1_linux_arm64.tar.gz"
url_api = "https://api.github.com/repos/gitleaks/gitleaks/releases/assets/378332057"

[tools."github:gitleaks/gitleaks"."platforms.linux-x64"]
checksum = "sha256:551f6fc83ea457d62a0d98237cbad105af8d557003051f41f3e7ca7b3f2470eb"
url = "https://github.com/gitleaks/gitleaks/releases/download/v8.30.1/gitleaks_8.30.1_linux_x64.tar.gz"
url_api = "https://api.github.com/repos/gitleaks/gitleaks/releases/assets/378332058"

[tools."github:gitleaks/gitleaks"."platforms.linux-x64-musl"]
checksum = "sha256:551f6fc83ea457d62a0d98237cbad105af8d557003051f41f3e7ca7b3f2470eb"
url = "https://github.com/gitleaks/gitleaks/releases/download/v8.30.1/gitleaks_8.30.1_linux_x64.tar.gz"
url_api = "https://api.github.com/repos/gitleaks/gitleaks/releases/assets/378332058"

[tools."github:gitleaks/gitleaks"."platforms.macos-arm64"]
checksum = "sha256:b40ab0ae55c505963e365f271a8d3846efbc170aa17f2607f13df610a9aeb6a5"
url = "https://github.com/gitleaks/gitleaks/releases/download/v8.30.1/gitleaks_8.30.1_darwin_arm64.tar.gz"
url_api = "https://api.github.com/repos/gitleaks/gitleaks/releases/assets/378332059"

[tools."github:gitleaks/gitleaks"."platforms.macos-x64"]
checksum = "sha256:dfe101a4db2255fc85120ac7f3d25e4342c3c20cf749f2c20a18081af1952709"
url = "https://github.com/gitleaks/gitleaks/releases/download/v8.30.1/gitleaks_8.30.1_darwin_x64.tar.gz"
url_api = "https://api.github.com/repos/gitleaks/gitleaks/releases/assets/378332053"

[tools."github:gitleaks/gitleaks"."platforms.windows-x64"]
checksum = "sha256:d29144deff3a68aa93ced33dddf84b7fdc26070add4aa0f4513094c8332afc4e"
url = "https://github.com/gitleaks/gitleaks/releases/download/v8.30.1/gitleaks_8.30.1_windows_x64.zip"
url_api = "https://api.github.com/repos/gitleaks/gitleaks/releases/assets/378333178"

[[tools."github:google/osv-scanner"]]
version = "2.5.1"
backend = "github:google/osv-scanner"
specifiers = ["2.5.1"]

[tools."github:google/osv-scanner"."platforms.linux-arm64"]
checksum = "sha256:3d0f5aa5a6baa8eb32bcef247388e149ef6030a6634ccae6fa0d62681fb27a6d"
url = "https://github.com/google/osv-scanner/releases/download/v2.5.1/osv-scanner_linux_arm64"
url_api = "https://api.github.com/repos/google/osv-scanner/releases/assets/517615386"

[tools."github:google/osv-scanner"."platforms.linux-arm64".provenance.slsa]
url = "https://github.com/google/osv-scanner/releases/download/v2.5.1/multiple.intoto.jsonl"

[tools."github:google/osv-scanner"."platforms.linux-arm64-musl"]
checksum = "sha256:3d0f5aa5a6baa8eb32bcef247388e149ef6030a6634ccae6fa0d62681fb27a6d"
url = "https://github.com/google/osv-scanner/releases/download/v2.5.1/osv-scanner_linux_arm64"
url_api = "https://api.github.com/repos/google/osv-scanner/releases/assets/517615386"

[tools."github:google/osv-scanner"."platforms.linux-arm64-musl".provenance.slsa]
url = "https://github.com/google/osv-scanner/releases/download/v2.5.1/multiple.intoto.jsonl"

[tools."github:google/osv-scanner"."platforms.linux-x64"]
checksum = "sha256:f9f25499a2c8cc367b3af45df2ea7eeca7fbccceab9c35079968f4b3652194be"
url = "https://github.com/google/osv-scanner/releases/download/v2.5.1/osv-scanner_linux_amd64"
url_api = "https://api.github.com/repos/google/osv-scanner/releases/assets/517615411"

[tools."github:google/osv-scanner"."platforms.linux-x64".provenance.slsa]
url = "https://github.com/google/osv-scanner/releases/download/v2.5.1/multiple.intoto.jsonl"

[tools."github:google/osv-scanner"."platforms.linux-x64-musl"]
checksum = "sha256:f9f25499a2c8cc367b3af45df2ea7eeca7fbccceab9c35079968f4b3652194be"
url = "https://github.com/google/osv-scanner/releases/download/v2.5.1/osv-scanner_linux_amd64"
url_api = "https://api.github.com/repos/google/osv-scanner/releases/assets/517615411"

[tools."github:google/osv-scanner"."platforms.linux-x64-musl".provenance.slsa]
url = "https://github.com/google/osv-scanner/releases/download/v2.5.1/multiple.intoto.jsonl"

[tools."github:google/osv-scanner"."platforms.macos-arm64"]
checksum = "sha256:75c44d6332f892a1e56286f4105a98ed751ae28d215ca0a8b65cc00d84103054"
url = "https://github.com/google/osv-scanner/releases/download/v2.5.1/osv-scanner_darwin_arm64"
url_api = "https://api.github.com/repos/google/osv-scanner/releases/assets/517615384"

[tools."github:google/osv-scanner"."platforms.macos-arm64".provenance.slsa]
url = "https://github.com/google/osv-scanner/releases/download/v2.5.1/multiple.intoto.jsonl"

[tools."github:google/osv-scanner"."platforms.macos-x64"]
checksum = "sha256:9f89beb6c3d784893cb1cae0a3d56c529bfe91075418c2f9440c45b79654198b"
url = "https://github.com/google/osv-scanner/releases/download/v2.5.1/osv-scanner_darwin_amd64"
url_api = "https://api.github.com/repos/google/osv-scanner/releases/assets/517615385"

[tools."github:google/osv-scanner"."platforms.macos-x64".provenance.slsa]
url = "https://github.com/google/osv-scanner/releases/download/v2.5.1/multiple.intoto.jsonl"

[tools."github:google/osv-scanner"."platforms.windows-x64"]
checksum = "sha256:25e42f5ef6711fd8c0fb45390972205891dd44c6bd02ac93f0f63e8e98d9bfb6"
url = "https://github.com/google/osv-scanner/releases/download/v2.5.1/osv-scanner_windows_amd64.exe"
url_api = "https://api.github.com/repos/google/osv-scanner/releases/assets/517615387"

[tools."github:google/osv-scanner"."platforms.windows-x64".provenance.slsa]
url = "https://github.com/google/osv-scanner/releases/download/v2.5.1/multiple.intoto.jsonl"

[[tools."github:rhysd/actionlint"]]
version = "1.7.12"
backend = "github:rhysd/actionlint"
specifiers = ["1.7.12"]

[tools."github:rhysd/actionlint"."platforms.linux-arm64"]
checksum = "sha256:325e971b6ba9bfa504672e29be93c24981eeb1c07576d730e9f7c8805afff0c6"
url = "https://github.com/rhysd/actionlint/releases/download/v1.7.12/actionlint_1.7.12_linux_arm64.tar.gz"
url_api = "https://api.github.com/repos/rhysd/actionlint/releases/assets/384924897"
provenance = "github-attestations"

[tools."github:rhysd/actionlint"."platforms.linux-arm64-musl"]
checksum = "sha256:325e971b6ba9bfa504672e29be93c24981eeb1c07576d730e9f7c8805afff0c6"
url = "https://github.com/rhysd/actionlint/releases/download/v1.7.12/actionlint_1.7.12_linux_arm64.tar.gz"
url_api = "https://api.github.com/repos/rhysd/actionlint/releases/assets/384924897"
provenance = "github-attestations"

[tools."github:rhysd/actionlint"."platforms.linux-x64"]
checksum = "sha256:8aca8db96f1b94770f1b0d72b6dddcb1ebb8123cb3712530b08cc387b349a3d8"
url = "https://github.com/rhysd/actionlint/releases/download/v1.7.12/actionlint_1.7.12_linux_amd64.tar.gz"
url_api = "https://api.github.com/repos/rhysd/actionlint/releases/assets/384924896"
provenance = "github-attestations"

[tools."github:rhysd/actionlint"."platforms.linux-x64-musl"]
checksum = "sha256:8aca8db96f1b94770f1b0d72b6dddcb1ebb8123cb3712530b08cc387b349a3d8"
url = "https://github.com/rhysd/actionlint/releases/download/v1.7.12/actionlint_1.7.12_linux_amd64.tar.gz"
url_api = "https://api.github.com/repos/rhysd/actionlint/releases/assets/384924896"
provenance = "github-attestations"

[tools."github:rhysd/actionlint"."platforms.macos-arm64"]
checksum = "sha256:aba9ced2dee8d27fecca3dc7feb1a7f9a52caefa1eb46f3271ea66b6e0e6953f"
url = "https://github.com/rhysd/actionlint/releases/download/v1.7.12/actionlint_1.7.12_darwin_arm64.tar.gz"
url_api = "https://api.github.com/repos/rhysd/actionlint/releases/assets/384924893"
provenance = "github-attestations"

[tools."github:rhysd/actionlint"."platforms.macos-x64"]
checksum = "sha256:5b44c3bc2255115c9b69e30efc0fecdf498fdb63c5d58e17084fd5f16324c644"
url = "https://github.com/rhysd/actionlint/releases/download/v1.7.12/actionlint_1.7.12_darwin_amd64.tar.gz"
url_api = "https://api.github.com/repos/rhysd/actionlint/releases/assets/384924880"
provenance = "github-attestations"

[tools."github:rhysd/actionlint"."platforms.windows-x64"]
checksum = "sha256:6e7241b51e6817ea6a047693d8e6fed13b31819c9a0dd6c5a726e1592d22f6e9"
url = "https://github.com/rhysd/actionlint/releases/download/v1.7.12/actionlint_1.7.12_windows_amd64.zip"
url_api = "https://api.github.com/repos/rhysd/actionlint/releases/assets/384924919"
provenance = "github-attestations"

[[tools."github:zizmorcore/zizmor"]]
version = "1.29.0"
backend = "github:zizmorcore/zizmor"
specifiers = ["1.29.0"]

[tools."github:zizmorcore/zizmor"."platforms.linux-arm64"]
checksum = "sha256:415eaa7c0a06479a701b8e44a3e812c1047decc848ec4bede7bd6bbf49f22d20"
url = "https://github.com/zizmorcore/zizmor/releases/download/v1.29.0/zizmor-aarch64-unknown-linux-gnu.tar.gz"
url_api = "https://api.github.com/repos/zizmorcore/zizmor/releases/assets/498263143"
provenance = "github-attestations"

[tools."github:zizmorcore/zizmor"."platforms.linux-arm64-musl"]
checksum = "sha256:415eaa7c0a06479a701b8e44a3e812c1047decc848ec4bede7bd6bbf49f22d20"
url = "https://github.com/zizmorcore/zizmor/releases/download/v1.29.0/zizmor-aarch64-unknown-linux-gnu.tar.gz"
url_api = "https://api.github.com/repos/zizmorcore/zizmor/releases/assets/498263143"
provenance = "github-attestations"

[tools."github:zizmorcore/zizmor"."platforms.linux-x64"]
checksum = "sha256:dd96df044a6e8538d5f423790f453bdd03d49e5b2bcc38214acc41a2f1297839"
url = "https://github.com/zizmorcore/zizmor/releases/download/v1.29.0/zizmor-x86_64-unknown-linux-gnu.tar.gz"
url_api = "https://api.github.com/repos/zizmorcore/zizmor/releases/assets/498263145"
provenance = "github-attestations"

[tools."github:zizmorcore/zizmor"."platforms.linux-x64-musl"]
checksum = "sha256:dd96df044a6e8538d5f423790f453bdd03d49e5b2bcc38214acc41a2f1297839"
url = "https://github.com/zizmorcore/zizmor/releases/download/v1.29.0/zizmor-x86_64-unknown-linux-gnu.tar.gz"
url_api = "https://api.github.com/repos/zizmorcore/zizmor/releases/assets/498263145"
provenance = "github-attestations"

[tools."github:zizmorcore/zizmor"."platforms.macos-arm64"]
checksum = "sha256:720322fade9e83a9c7953944c438f2ba942636b86b96a8f0e6b15ce94c8a6b6f"
url = "https://github.com/zizmorcore/zizmor/releases/download/v1.29.0/zizmor-aarch64-apple-darwin.tar.gz"
url_api = "https://api.github.com/repos/zizmorcore/zizmor/releases/assets/498263141"
provenance = "github-attestations"

[tools."github:zizmorcore/zizmor"."platforms.macos-x64"]
checksum = "sha256:648b72ab9941a7f2a8d65d7b68a8e76cef789538c8df3a3950384d38423375b0"
url = "https://github.com/zizmorcore/zizmor/releases/download/v1.29.0/zizmor-x86_64-apple-darwin.tar.gz"
url_api = "https://api.github.com/repos/zizmorcore/zizmor/releases/assets/498263144"
provenance = "github-attestations"

[tools."github:zizmorcore/zizmor"."platforms.windows-x64"]
checksum = "sha256:68a6bc6888f10bf0d53658c75885e7c1b7a0588d4c1fbc3f0ca280ad7324bf06"
url = "https://github.com/zizmorcore/zizmor/releases/download/v1.29.0/zizmor-x86_64-pc-windows-msvc.zip"
url_api = "https://api.github.com/repos/zizmorcore/zizmor/releases/assets/498263142"
provenance = "github-attestations"

[[tools.node]]
version = "24.21.0"
backend = "core:node"
specifiers = ["24.21.0"]

[tools.node."platforms.linux-arm64"]
checksum = "sha256:724282c3b43aec998aa9527380465b45d229e021b58035f5f4f63095eabfe5d5"
url = "https://nodejs.org/dist/v24.21.0/node-v24.21.0-linux-arm64.tar.gz"

[tools.node."platforms.linux-arm64-musl"]
checksum = "sha256:3048b0811e158ca0d8672b59c839861763e144492980d8d29b369dfee45747e4"
url = "https://unofficial-builds.nodejs.org/download/release/v24.21.0/node-v24.21.0-linux-arm64-musl.tar.gz"

[tools.node."platforms.linux-x64"]
checksum = "sha256:6e1db87ef58b8819e5d5402eff1536491b18edd8eb7bee5ef7897876e88dc5ff"
url = "https://nodejs.org/dist/v24.21.0/node-v24.21.0-linux-x64.tar.gz"

[tools.node."platforms.linux-x64-musl"]
checksum = "sha256:01a713e34da98e7b4d2a3191ee7ca3f93dd0384d1a2ef23c379b2161ee6e133a"
url = "https://unofficial-builds.nodejs.org/download/release/v24.21.0/node-v24.21.0-linux-x64-musl.tar.gz"

[tools.node."platforms.macos-arm64"]
checksum = "sha256:bed7eea5325e1108f32ce5228ddd6a5f0f08a499ee42aa7442aea583702f6057"
url = "https://nodejs.org/dist/v24.21.0/node-v24.21.0-darwin-arm64.tar.gz"

[tools.node."platforms.macos-x64"]
checksum = "sha256:1462cb3b3046b815cf8ea436d3da450ec1a9f11dac7e5a46b0ada5305d7e8097"
url = "https://nodejs.org/dist/v24.21.0/node-v24.21.0-darwin-x64.tar.gz"

[tools.node."platforms.windows-x64"]
checksum = "sha256:158f7685b44de51f6c0df1d153526cbcd3e1bc739a8dfc607721cef75de9e541"
url = "https://nodejs.org/dist/v24.21.0/node-v24.21.0-win-x64.zip"

[[tools."npm:@redocly/cli"]]
version = "2.52.1"
aube = { path = ".mise/locks/npm-redocly-cli/2.52.1", digest = "sha256:a15b496633f488c4dea5168d04624e3710c52a0e1a4a89b813efe65cb37902d6" }
backend = "npm:@redocly/cli"
specifiers = ["2.52.1"]

[[tools.pnpm]]
version = "12.4.1"
backend = "aqua:pnpm/pnpm"
specifiers = ["12.4.1"]

[tools.pnpm."platforms.linux-arm64"]
checksum = "sha256:14f7a3e67d658d4ca8002c2aa0567f27dc5fe056a9f29f98ba7d2bfd6c81591b"
url = "https://github.com/pnpm/pnpm/releases/download/v12.4.1/pnpm-linux-arm64.tar.gz"
url_api = "https://api.github.com/repos/pnpm/pnpm/releases/assets/555427209"
provenance = "github-attestations"

[tools.pnpm."platforms.linux-arm64-musl"]
checksum = "sha256:26eba6156b6b47d8c589e2ed76af9b3d3a001d9d87dd4769754a1d09f07505bb"
url = "https://github.com/pnpm/pnpm/releases/download/v12.4.1/pnpm-linux-arm64-musl.tar.gz"
url_api = "https://api.github.com/repos/pnpm/pnpm/releases/assets/555427211"
provenance = "github-attestations"

[tools.pnpm."platforms.linux-x64"]
checksum = "sha256:66e9886299085dade56e203ae0e3586f35787f8801a68d33ec07ac17b0de2001"
url = "https://github.com/pnpm/pnpm/releases/download/v12.4.1/pnpm-linux-x64.tar.gz"
url_api = "https://api.github.com/repos/pnpm/pnpm/releases/assets/555427214"
provenance = "github-attestations"

[tools.pnpm."platforms.linux-x64-musl"]
checksum = "sha256:b72cfc2140e2f3380e26555a474f8e091a4431374face630a50b00e4db992ddb"
url = "https://github.com/pnpm/pnpm/releases/download/v12.4.1/pnpm-linux-x64-musl.tar.gz"
url_api = "https://api.github.com/repos/pnpm/pnpm/releases/assets/555427217"
provenance = "github-attestations"

[tools.pnpm."platforms.macos-arm64"]
checksum = "sha256:432fd151c10477630cf5c9f41209c2a7b75ac6dce7b2533a459519daf8954c52"
url = "https://github.com/pnpm/pnpm/releases/download/v12.4.1/pnpm-darwin-arm64.tar.gz"
url_api = "https://api.github.com/repos/pnpm/pnpm/releases/assets/555427216"
provenance = "github-attestations"

[tools.pnpm."platforms.macos-x64"]
checksum = "sha256:98921409db2f510ccc4eb521f9bfec51e3f1e809fd66717a062962f3b2a4cdea"
url = "https://github.com/pnpm/pnpm/releases/download/v12.4.1/pnpm-darwin-x64.tar.gz"
url_api = "https://api.github.com/repos/pnpm/pnpm/releases/assets/555427210"
provenance = "github-attestations"

[tools.pnpm."platforms.windows-x64"]
checksum = "sha256:356092adbd4f69670945ed24c7fca994ba4dd9fbaf23b028bb9708afd7bc676e"
url = "https://github.com/pnpm/pnpm/releases/download/v12.4.1/pnpm-win32-x64.zip"
url_api = "https://api.github.com/repos/pnpm/pnpm/releases/assets/555427213"
provenance = "github-attestations"

[[tools.rust]]
version = "1.98.1"
backend = "core:rust"
specifiers = ["1.98.1"]
